
Microsoft Visual Studio Solution File, Format Version 12.00
# Visual Studio 14
VisualStudioVersion = 14.0.25420.1
MinimumVisualStudioVersion = 10.0.40219.1
Project("{FAE04EC0-301F-11D3-BF4B-00C04F79EFBC}") = "LCodeExperiments", "LCodeExperiments\LCodeExperiments.csproj", "{E9AAAB8D-1F37-4254-9F04-134FF770E419}"
EndProject
Project("{FAE04EC0-301F-11D3-BF4B-00C04F79EFBC}") = "LCodeExperimentTests", "LCodeExperimentTests\LCodeExperimentTests.csproj", "{30778475-2309-4298-9D14-CF9ED3777F7B}"
EndProject
Project("{FAE04EC0-301F-11D3-BF4B-00C04F79EFBC}") = "PatternExperiments", "PatternExperiments\PatternExperiments.csproj", "{C1FB7646-CB6C-48B4-9A27-D32BEDFC0DF1}"
EndProject
Project("{FAE04EC0-301F-11D3-BF4B-00C04F79EFBC}") = "PatternExperimentTests", "PatternExperimentTests\PatternExperimentTests.csproj", "{39DCDE74-5166-4BCA-9052-3CAA1C1A06B5}"
EndProject
Global
	GlobalSection(SolutionConfigurationPlatforms) = preSolution
		Debug|Any CPU = Debug|Any CPU
		Release|Any CPU = Release|Any CPU
	EndGlobalSection
	GlobalSection(ProjectConfigurationPlatforms) = postSolution
		{E9AAAB8D-1F37-4254-9F04-134FF770E419}.Debug|Any CPU.ActiveCfg = Debug|Any CPU
		{E9AAAB8D-1F37-4254-9F04-134FF770E419}.Debug|Any CPU.Build.0 = Debug|Any CPU
		{E9AAAB8D-1F37-4254-9F04-134FF770E419}.Release|Any CPU.ActiveCfg = Release|Any CPU
		{E9AAAB8D-1F37-4254-9F04-134FF770E419}.Release|Any CPU.Build.0 = Release|Any CPU
		{30778475-2309-4298-9D14-CF9ED3777F7B}.Debug|Any CPU.ActiveCfg = Debug|Any CPU
		{30778475-2309-4298-9D14-CF9ED3777F7B}.Debug|Any CPU.Build.0 = Debug|Any CPU
		{30778475-2309-4298-9D14-CF9ED3777F7B}.Release|Any CPU.ActiveCfg = Release|Any CPU
		{30778475-2309-4298-9D14-CF9ED3777F7B}.Release|Any CPU.Build.0 = Release|Any CPU
		{C1FB7646-CB6C-48B4-9A27-D32BEDFC0DF1}.Debug|Any CPU.ActiveCfg = Debug|Any CPU
		{C1FB7646-CB6C-48B4-9A27-D32BEDFC0DF1}.Debug|Any CPU.Build.0 = Debug|Any CPU
		{C1FB7646-CB6C-48B4-9A27-D32BEDFC0DF1}.Release|Any CPU.ActiveCfg = Release|Any CPU
		{C1FB7646-CB6C-48B4-9A27-D32BEDFC0DF1}.Release|Any CPU.Build.0 = Release|Any CPU
		{39DCDE74-5166-4BCA-9052-3CAA1C1A06B5}.Debug|Any CPU.ActiveCfg = Debug|Any CPU
		{39DCDE74-5166-4BCA-9052-3CAA1C1A06B5}.Debug|Any CPU.Build.0 = Debug|Any CPU
		{39DCDE74-5166-4BCA-9052-3CAA1C1A06B5}.Release|Any CPU.ActiveCfg = Release|Any CPU
		{39DCDE74-5166-4BCA-9052-3CAA1C1A06B5}.Release|Any CPU.Build.0 = Release|Any CPU
	EndGlobalSection
	GlobalSection(SolutionProperties) = preSolution
		HideSolutionNode = FALSE
	EndGlobalSection
EndGlobal
